
Microsoft Visual Studio Solution File, Format Version 12.00
# Visual Studio 15
VisualStudioVersion = 15.0.27703.2000
MinimumVisualStudioVersion = 10.0.40219.1
Project("{FAE04EC0-301F-11D3-BF4B-00C04F79EFBC}") = "ProXamTabTest.Android", "ProXamTabTest\ProXamTabTest.Android\ProXamTabTest.Android.csproj", "{3F995CB8-4E08-4B6C-94D4-EB904ED5D545}"
EndProject
Project("{FAE04EC0-301F-11D3-BF4B-00C04F79EFBC}") = "ProXamTabTest.iOS", "ProXamTabTest\ProXamTabTest.iOS\ProXamTabTest.iOS.csproj", "{8DBB0944-3150-45D8-8C25-DE9428673862}"
EndProject
Project("{FAE04EC0-301F-11D3-BF4B-00C04F79EFBC}") = "ProXamTabTest.UWP", "ProXamTabTest\ProXamTabTest.UWP\ProXamTabTest.UWP.csproj", "{59904284-D886-42B1-99ED-005FA3AF91BB}"
EndProject
Project("{FAE04EC0-301F-11D3-BF4B-00C04F79EFBC}") = "ProXamTabTest", "ProXamTabTest\ProXamTabTest\ProXamTabTest.csproj", "{0FE051EE-CD6B-4163-8AD3-82E22A90C344}"
EndProject
Global
	GlobalSection(SolutionConfigurationPlatforms) = preSolution
		Ad-Hoc|Any CPU = Ad-Hoc|Any CPU
		Ad-Hoc|ARM = Ad-Hoc|ARM
		Ad-Hoc|iPhone = Ad-Hoc|iPhone
		Ad-Hoc|iPhoneSimulator = Ad-Hoc|iPhoneSimulator
		Ad-Hoc|x64 = Ad-Hoc|x64
		Ad-Hoc|x86 = Ad-Hoc|x86
		AppStore|Any CPU = AppStore|Any CPU
		AppStore|ARM = AppStore|ARM
		AppStore|iPhone = AppStore|iPhone
		AppStore|iPhoneSimulator = AppStore|iPhoneSimulator
		AppStore|x64 = AppStore|x64
		AppStore|x86 = AppStore|x86
		Debug|Any CPU = Debug|Any CPU
		Debug|ARM = Debug|ARM
		Debug|iPhone = Debug|iPhone
		Debug|iPhoneSimulator = Debug|iPhoneSimulator
		Debug|x64 = Debug|x64
		Debug|x86 = Debug|x86
		Release|Any CPU = Release|Any CPU
		Release|ARM = Release|ARM
		Release|iPhone = Release|iPhone
		Release|iPhoneSimulator = Release|iPhoneSimulator
		Release|x64 = Release|x64
		Release|x86 = Release|x86
	EndGlobalSection
	GlobalSection(ProjectConfigurationPlatforms) = postSolution
		{3F995CB8-4E08-4B6C-94D4-EB904ED5D545}.Ad-Hoc|Any CPU.ActiveCfg = Release|Any CPU
		{3F995CB8-4E08-4B6C-94D4-EB904ED5D545}.Ad-Hoc|Any CPU.Build.0 = Release|Any CPU
		{3F995CB8-4E08-4B6C-94D4-EB904ED5D545}.Ad-Hoc|Any CPU.Deploy.0 = Release|Any CPU
		{3F995CB8-4E08-4B6C-94D4-EB904ED5D545}.Ad-Hoc|ARM.ActiveCfg = Release|Any CPU
		{3F995CB8-4E08-4B6C-94D4-EB904ED5D545}.Ad-Hoc|ARM.Build.0 = Release|Any CPU
		{3F995CB8-4E08-4B6C-94D4-EB904ED5D545}.Ad-Hoc|ARM.Deploy.0 = Release|Any CPU
		{3F995CB8-4E08-4B6C-94D4-EB904ED5D545}.Ad-Hoc|iPhone.ActiveCfg = Release|Any CPU
		{3F995CB8-4E08-4B6C-94D4-EB904ED5D545}.Ad-Hoc|iPhone.Build.0 = Release|Any CPU
		{3F995CB8-4E08-4B6C-94D4-EB904ED5D545}.Ad-Hoc|iPhone.Deploy.0 = Release|Any CPU
		{3F995CB8-4E08-4B6C-94D4-EB904ED5D545}.Ad-Hoc|iPhoneSimulator.ActiveCfg = Release|Any CPU
		{3F995CB8-4E08-4B6C-94D4-EB904ED5D545}.Ad-Hoc|iPhoneSimulator.Build.0 = Release|Any CPU
		{3F995CB8-4E08-4B6C-94D4-EB904ED5D545}.Ad-Hoc|iPhoneSimulator.Deploy.0 = Release|Any CPU
		{3F995CB8-4E08-4B6C-94D4-EB904ED5D545}.Ad-Hoc|x64.ActiveCfg = Release|Any CPU
		{3F995CB8-4E08-4B6C-94D4-EB904ED5D545}.Ad-Hoc|x64.Build.0 = Release|Any CPU
		{3F995CB8-4E08-4B6C-94D4-EB904ED5D545}.Ad-Hoc|x64.Deploy.0 = Release|Any CPU
		{3F995CB8-4E08-4B6C-94D4-EB904ED5D545}.Ad-Hoc|x86.ActiveCfg = Release|Any CPU
		{3F995CB8-4E08-4B6C-94D4-EB904ED5D545}.Ad-Hoc|x86.Build.0 = Release|Any CPU
		{3F995CB8-4E08-4B6C-94D4-EB904ED5D545}.Ad-Hoc|x86.Deploy.0 = Release|Any CPU
		{3F995CB8-4E08-4B6C-94D4-EB904ED5D545}.AppStore|Any CPU.ActiveCfg = Release|Any CPU
		{3F995CB8-4E08-4B6C-94D4-EB904ED5D545}.AppStore|Any CPU.Build.0 = Release|Any CPU
		{3F995CB8-4E08-4B6C-94D4-EB904ED5D545}.AppStore|Any CPU.Deploy.0 = Release|Any CPU
		{3F995CB8-4E08-4B6C-94D4-EB904ED5D545}.AppStore|ARM.ActiveCfg = Release|Any CPU
		{3F995CB8-4E08-4B6C-94D4-EB904ED5D545}.AppStore|ARM.Build.0 = Release|Any CPU
		{3F995CB8-4E08-4B6C-94D4-EB904ED5D545}.AppStore|ARM.Deploy.0 = Release|Any CPU
		{3F995CB8-4E08-4B6C-94D4-EB904ED5D545}.AppStore|iPhone.ActiveCfg = Release|Any CPU
		{3F995CB8-4E08-4B6C-94D4-EB904ED5D545}.AppStore|iPhone.Build.0 = Release|Any CPU
		{3F995CB8-4E08-4B6C-94D4-EB904ED5D545}.AppStore|iPhone.Deploy.0 = Release|Any CPU
		{3F995CB8-4E08-4B6C-94D4-EB904ED5D545}.AppStore|iPhoneSimulator.ActiveCfg = Release|Any CPU
		{3F995CB8-4E08-4B6C-94D4-EB904ED5D545}.AppStore|iPhoneSimulator.Build.0 = Release|Any CPU
		{3F995CB8-4E08-4B6C-94D4-EB904ED5D545}.AppStore|iPhoneSimulator.Deploy.0 = Release|Any CPU
		{3F995CB8-4E08-4B6C-94D4-EB904ED5D545}.AppStore|x64.ActiveCfg = Release|Any CPU
		{3F995CB8-4E08-4B6C-94D4-EB904ED5D545}.AppStore|x64.Build.0 = Release|Any CPU
		{3F995CB8-4E08-4B6C-94D4-EB904ED5D545}.AppStore|x64.Deploy.0 = Release|Any CPU
		{3F995CB8-4E08-4B6C-94D4-EB904ED5D545}.AppStore|x86.ActiveCfg = Release|Any CPU
		{3F995CB8-4E08-4B6C-94D4-EB904ED5D545}.AppStore|x86.Build.0 = Release|Any CPU
		{3F995CB8-4E08-4B6C-94D4-EB904ED5D545}.AppStore|x86.Deploy.0 = Release|Any CPU
		{3F995CB8-4E08-4B6C-94D4-EB904ED5D545}.Debug|Any CPU.ActiveCfg = Debug|Any CPU
		{3F995CB8-4E08-4B6C-94D4-EB904ED5D545}.Debug|Any CPU.Build.0 = Debug|Any CPU
		{3F995CB8-4E08-4B6C-94D4-EB904ED5D545}.Debug|Any CPU.Deploy.0 = Debug|Any CPU
		{3F995CB8-4E08-4B6C-94D4-EB904ED5D545}.Debug|ARM.ActiveCfg = Debug|Any CPU
		{3F995CB8-4E08-4B6C-94D4-EB904ED5D545}.Debug|ARM.Build.0 = Debug|Any CPU
		{3F995CB8-4E08-4B6C-94D4-EB904ED5D545}.Debug|ARM.Deploy.0 = Debug|Any CPU
		{3F995CB8-4E08-4B6C-94D4-EB904ED5D545}.Debug|iPhone.ActiveCfg = Debug|Any CPU
		{3F995CB8-4E08-4B6C-94D4-EB904ED5D545}.Debug|iPhone.Build.0 = Debug|Any CPU
		{3F995CB8-4E08-4B6C-94D4-EB904ED5D545}.Debug|iPhone.Deploy.0 = Debug|Any CPU
		{3F995CB8-4E08-4B6C-94D4-EB904ED5D545}.Debug|iPhoneSimulator.ActiveCfg = Debug|Any CPU
		{3F995CB8-4E08-4B6C-94D4-EB904ED5D545}.Debug|iPhoneSimulator.Build.0 = Debug|Any CPU
		{3F995CB8-4E08-4B6C-94D4-EB904ED5D545}.Debug|iPhoneSimulator.Deploy.0 = Debug|Any CPU
		{3F995CB8-4E08-4B6C-94D4-EB904ED5D545}.Debug|x64.ActiveCfg = Debug|Any CPU
		{3F995CB8-4E08-4B6C-94D4-EB904ED5D545}.Debug|x64.Build.0 = Debug|Any CPU
		{3F995CB8-4E08-4B6C-94D4-EB904ED5D545}.Debug|x64.Deploy.0 = Debug|Any CPU
		{3F995CB8-4E08-4B6C-94D4-EB904ED5D545}.Debug|x86.ActiveCfg = Debug|Any CPU
		{3F995CB8-4E08-4B6C-94D4-EB904ED5D545}.Debug|x86.Build.0 = Debug|Any CPU
		{3F995CB8-4E08-4B6C-94D4-EB904ED5D545}.Debug|x86.Deploy.0 = Debug|Any CPU
		{3F995CB8-4E08-4B6C-94D4-EB904ED5D545}.Release|Any CPU.ActiveCfg = Release|Any CPU
		{3F995CB8-4E08-4B6C-94D4-EB904ED5D545}.Release|Any CPU.Build.0 = Release|Any CPU
		{3F995CB8-4E08-4B6C-94D4-EB904ED5D545}.Release|Any CPU.Deploy.0 = Release|Any CPU
		{3F995CB8-4E08-4B6C-94D4-EB904ED5D545}.Release|ARM.ActiveCfg = Release|Any CPU
		{3F995CB8-4E08-4B6C-94D4-EB904ED5D545}.Release|ARM.Build.0 = Release|Any CPU
		{3F995CB8-4E08-4B6C-94D4-EB904ED5D545}.Release|ARM.Deploy.0 = Release|Any CPU
		{3F995CB8-4E08-4B6C-94D4-EB904ED5D545}.Release|iPhone.ActiveCfg = Release|Any CPU
		{3F995CB8-4E08-4B6C-94D4-EB904ED5D545}.Release|iPhone.Build.0 = Release|Any CPU
		{3F995CB8-4E08-4B6C-94D4-EB904ED5D545}.Release|iPhone.Deploy.0 = Release|Any CPU
		{3F995CB8-4E08-4B6C-94D4-EB904ED5D545}.Release|iPhoneSimulator.ActiveCfg = Release|Any CPU
		{3F995CB8-4E08-4B6C-94D4-EB904ED5D545}.Release|iPhoneSimulator.Build.0 = Release|Any CPU
		{3F995CB8-4E08-4B6C-94D4-EB904ED5D545}.Release|iPhoneSimulator.Deploy.0 = Release|Any CPU
		{3F995CB8-4E08-4B6C-94D4-EB904ED5D545}.Release|x64.ActiveCfg = Release|Any CPU
		{3F995CB8-4E08-4B6C-94D4-EB904ED5D545}.Release|x64.Build.0 = Release|Any CPU
		{3F995CB8-4E08-4B6C-94D4-EB904ED5D545}.Release|x64.Deploy.0 = Release|Any CPU
		{3F995CB8-4E08-4B6C-94D4-EB904ED5D545}.Release|x86.ActiveCfg = Release|Any CPU
		{3F995CB8-4E08-4B6C-94D4-EB904ED5D545}.Release|x86.Build.0 = Release|Any CPU
		{3F995CB8-4E08-4B6C-94D4-EB904ED5D545}.Release|x86.Deploy.0 = Release|Any CPU
		{8DBB0944-3150-45D8-8C25-DE9428673862}.Ad-Hoc|Any CPU.ActiveCfg = Ad-Hoc|iPhone
		{8DBB0944-3150-45D8-8C25-DE9428673862}.Ad-Hoc|Any CPU.Build.0 = Ad-Hoc|iPhone
		{8DBB0944-3150-45D8-8C25-DE9428673862}.Ad-Hoc|Any CPU.Deploy.0 = Ad-Hoc|iPhone
		{8DBB0944-3150-45D8-8C25-DE9428673862}.Ad-Hoc|ARM.ActiveCfg = Ad-Hoc|iPhone
		{8DBB0944-3150-45D8-8C25-DE9428673862}.Ad-Hoc|ARM.Build.0 = Ad-Hoc|iPhone
		{8DBB0944-3150-45D8-8C25-DE9428673862}.Ad-Hoc|ARM.Deploy.0 = Ad-Hoc|iPhone
		{8DBB0944-3150-45D8-8C25-DE9428673862}.Ad-Hoc|iPhone.ActiveCfg = Ad-Hoc|iPhone
		{8DBB0944-3150-45D8-8C25-DE9428673862}.Ad-Hoc|iPhone.Build.0 = Ad-Hoc|iPhone
		{8DBB0944-3150-45D8-8C25-DE9428673862}.Ad-Hoc|iPhone.Deploy.0 = Ad-Hoc|iPhone
		{8DBB0944-3150-45D8-8C25-DE9428673862}.Ad-Hoc|iPhoneSimulator.ActiveCfg = Ad-Hoc|iPhoneSimulator
		{8DBB0944-3150-45D8-8C25-DE9428673862}.Ad-Hoc|iPhoneSimulator.Build.0 = Ad-Hoc|iPhoneSimulator
		{8DBB0944-3150-45D8-8C25-DE9428673862}.Ad-Hoc|iPhoneSimulator.Deploy.0 = Ad-Hoc|iPhoneSimulator
		{8DBB0944-3150-45D8-8C25-DE9428673862}.Ad-Hoc|x64.ActiveCfg = Ad-Hoc|iPhone
		{8DBB0944-3150-45D8-8C25-DE9428673862}.Ad-Hoc|x64.Build.0 = Ad-Hoc|iPhone
		{8DBB0944-3150-45D8-8C25-DE9428673862}.Ad-Hoc|x64.Deploy.0 = Ad-Hoc|iPhone
		{8DBB0944-3150-45D8-8C25-DE9428673862}.Ad-Hoc|x86.ActiveCfg = Ad-Hoc|iPhone
		{8DBB0944-3150-45D8-8C25-DE9428673862}.Ad-Hoc|x86.Build.0 = Ad-Hoc|iPhone
		{8DBB0944-3150-45D8-8C25-DE9428673862}.Ad-Hoc|x86.Deploy.0 = Ad-Hoc|iPhone
		{8DBB0944-3150-45D8-8C25-DE9428673862}.AppStore|Any CPU.ActiveCfg = AppStore|iPhone
		{8DBB0944-3150-45D8-8C25-DE9428673862}.AppStore|Any CPU.Build.0 = AppStore|iPhone
		{8DBB0944-3150-45D8-8C25-DE9428673862}.AppStore|Any CPU.Deploy.0 = AppStore|iPhone
		{8DBB0944-3150-45D8-8C25-DE9428673862}.AppStore|ARM.ActiveCfg = AppStore|iPhone
		{8DBB0944-3150-45D8-8C25-DE9428673862}.AppStore|ARM.Build.0 = AppStore|iPhone
		{8DBB0944-3150-45D8-8C25-DE9428673862}.AppStore|ARM.Deploy.0 = AppStore|iPhone
		{8DBB0944-3150-45D8-8C25-DE9428673862}.AppStore|iPhone.ActiveCfg = AppStore|iPhone
		{8DBB0944-3150-45D8-8C25-DE9428673862}.AppStore|iPhone.Build.0 = AppStore|iPhone
		{8DBB0944-3150-45D8-8C25-DE9428673862}.AppStore|iPhone.Deploy.0 = AppStore|iPhone
		{8DBB0944-3150-45D8-8C25-DE9428673862}.AppStore|iPhoneSimulator.ActiveCfg = AppStore|iPhoneSimulator
		{8DBB0944-3150-45D8-8C25-DE9428673862}.AppStore|iPhoneSimulator.Build.0 = AppStore|iPhoneSimulator
		{8DBB0944-3150-45D8-8C25-DE9428673862}.AppStore|iPhoneSimulator.Deploy.0 = AppStore|iPhoneSimulator
		{8DBB0944-3150-45D8-8C25-DE9428673862}.AppStore|x64.ActiveCfg = AppStore|iPhone
		{8DBB0944-3150-45D8-8C25-DE9428673862}.AppStore|x64.Build.0 = AppStore|iPhone
		{8DBB0944-3150-45D8-8C25-DE9428673862}.AppStore|x64.Deploy.0 = AppStore|iPhone
		{8DBB0944-3150-45D8-8C25-DE9428673862}.AppStore|x86.ActiveCfg = AppStore|iPhone
		{8DBB0944-3150-45D8-8C25-DE9428673862}.AppStore|x86.Build.0 = AppStore|iPhone
		{8DBB0944-3150-45D8-8C25-DE9428673862}.AppStore|x86.Deploy.0 = AppStore|iPhone
		{8DBB0944-3150-45D8-8C25-DE9428673862}.Debug|Any CPU.ActiveCfg = Debug|iPhoneSimulator
		{8DBB0944-3150-45D8-8C25-DE9428673862}.Debug|Any CPU.Build.0 = Debug|iPhoneSimulator
		{8DBB0944-3150-45D8-8C25-DE9428673862}.Debug|Any CPU.Deploy.0 = Debug|iPhoneSimulator
		{8DBB0944-3150-45D8-8C25-DE9428673862}.Debug|ARM.ActiveCfg = Debug|iPhone
		{8DBB0944-3150-45D8-8C25-DE9428673862}.Debug|ARM.Build.0 = Debug|iPhone
		{8DBB0944-3150-45D8-8C25-DE9428673862}.Debug|ARM.Deploy.0 = Debug|iPhone
		{8DBB0944-3150-45D8-8C25-DE9428673862}.Debug|iPhone.ActiveCfg = Debug|iPhone
		{8DBB0944-3150-45D8-8C25-DE9428673862}.Debug|iPhone.Build.0 = Debug|iPhone
		{8DBB0944-3150-45D8-8C25-DE9428673862}.Debug|iPhone.Deploy.0 = Debug|iPhone
		{8DBB0944-3150-45D8-8C25-DE9428673862}.Debug|iPhoneSimulator.ActiveCfg = Debug|iPhoneSimulator
		{8DBB0944-3150-45D8-8C25-DE9428673862}.Debug|iPhoneSimulator.Build.0 = Debug|iPhoneSimulator
		{8DBB0944-3150-45D8-8C25-DE9428673862}.Debug|iPhoneSimulator.Deploy.0 = Debug|iPhoneSimulator
		{8DBB0944-3150-45D8-8C25-DE9428673862}.Debug|x64.ActiveCfg = Debug|iPhone
		{8DBB0944-3150-45D8-8C25-DE9428673862}.Debug|x64.Build.0 = Debug|iPhone
		{8DBB0944-3150-45D8-8C25-DE9428673862}.Debug|x64.Deploy.0 = Debug|iPhone
		{8DBB0944-3150-45D8-8C25-DE9428673862}.Debug|x86.ActiveCfg = Debug|iPhone
		{8DBB0944-3150-45D8-8C25-DE9428673862}.Debug|x86.Build.0 = Debug|iPhone
		{8DBB0944-3150-45D8-8C25-DE9428673862}.Debug|x86.Deploy.0 = Debug|iPhone
		{8DBB0944-3150-45D8-8C25-DE9428673862}.Release|Any CPU.ActiveCfg = Release|iPhone
		{8DBB0944-3150-45D8-8C25-DE9428673862}.Release|Any CPU.Build.0 = Release|iPhone
		{8DBB0944-3150-45D8-8C25-DE9428673862}.Release|Any CPU.Deploy.0 = Release|iPhone
		{8DBB0944-3150-45D8-8C25-DE9428673862}.Release|ARM.ActiveCfg = Release|iPhone
		{8DBB0944-3150-45D8-8C25-DE9428673862}.Release|ARM.Build.0 = Release|iPhone
		{8DBB0944-3150-45D8-8C25-DE9428673862}.Release|ARM.Deploy.0 = Release|iPhone
		{8DBB0944-3150-45D8-8C25-DE9428673862}.Release|iPhone.ActiveCfg = Release|iPhone
		{8DBB0944-3150-45D8-8C25-DE9428673862}.Release|iPhone.Build.0 = Release|iPhone
		{8DBB0944-3150-45D8-8C25-DE9428673862}.Release|iPhone.Deploy.0 = Release|iPhone
		{8DBB0944-3150-45D8-8C25-DE9428673862}.Release|iPhoneSimulator.ActiveCfg = Release|iPhoneSimulator
		{8DBB0944-3150-45D8-8C25-DE9428673862}.Release|iPhoneSimulator.Build.0 = Release|iPhoneSimulator
		{8DBB0944-3150-45D8-8C25-DE9428673862}.Release|iPhoneSimulator.Deploy.0 = Release|iPhoneSimulator
		{8DBB0944-3150-45D8-8C25-DE9428673862}.Release|x64.ActiveCfg = Release|iPhone
		{8DBB0944-3150-45D8-8C25-DE9428673862}.Release|x64.Build.0 = Release|iPhone
		{8DBB0944-3150-45D8-8C25-DE9428673862}.Release|x64.Deploy.0 = Release|iPhone
		{8DBB0944-3150-45D8-8C25-DE9428673862}.Release|x86.ActiveCfg = Release|iPhone
		{8DBB0944-3150-45D8-8C25-DE9428673862}.Release|x86.Build.0 = Release|iPhone
		{8DBB0944-3150-45D8-8C25-DE9428673862}.Release|x86.Deploy.0 = Release|iPhone
		{59904284-D886-42B1-99ED-005FA3AF91BB}.Ad-Hoc|Any CPU.ActiveCfg = Release|x86
		{59904284-D886-42B1-99ED-005FA3AF91BB}.Ad-Hoc|Any CPU.Build.0 = Release|x86
		{59904284-D886-42B1-99ED-005FA3AF91BB}.Ad-Hoc|Any CPU.Deploy.0 = Release|x86
		{59904284-D886-42B1-99ED-005FA3AF91BB}.Ad-Hoc|ARM.ActiveCfg = Release|ARM
		{59904284-D886-42B1-99ED-005FA3AF91BB}.Ad-Hoc|ARM.Build.0 = Release|ARM
		{59904284-D886-42B1-99ED-005FA3AF91BB}.Ad-Hoc|ARM.Deploy.0 = Release|ARM
		{59904284-D886-42B1-99ED-005FA3AF91BB}.Ad-Hoc|iPhone.ActiveCfg = Release|x86
		{59904284-D886-42B1-99ED-005FA3AF91BB}.Ad-Hoc|iPhone.Build.0 = Release|x86
		{59904284-D886-42B1-99ED-005FA3AF91BB}.Ad-Hoc|iPhone.Deploy.0 = Release|x86
		{59904284-D886-42B1-99ED-005FA3AF91BB}.Ad-Hoc|iPhoneSimulator.ActiveCfg = Release|x86
		{59904284-D886-42B1-99ED-005FA3AF91BB}.Ad-Hoc|iPhoneSimulator.Build.0 = Release|x86
		{59904284-D886-42B1-99ED-005FA3AF91BB}.Ad-Hoc|iPhoneSimulator.Deploy.0 = Release|x86
		{59904284-D886-42B1-99ED-005FA3AF91BB}.Ad-Hoc|x64.ActiveCfg = Release|x64
		{59904284-D886-42B1-99ED-005FA3AF91BB}.Ad-Hoc|x64.Build.0 = Release|x64
		{59904284-D886-42B1-99ED-005FA3AF91BB}.Ad-Hoc|x64.Deploy.0 = Release|x64
		{59904284-D886-42B1-99ED-005FA3AF91BB}.Ad-Hoc|x86.ActiveCfg = Release|x86
		{59904284-D886-42B1-99ED-005FA3AF91BB}.Ad-Hoc|x86.Build.0 = Release|x86
		{59904284-D886-42B1-99ED-005FA3AF91BB}.Ad-Hoc|x86.Deploy.0 = Release|x86
		{59904284-D886-42B1-99ED-005FA3AF91BB}.AppStore|Any CPU.ActiveCfg = Release|x86
		{59904284-D886-42B1-99ED-005FA3AF91BB}.AppStore|Any CPU.Build.0 = Release|x86
		{59904284-D886-42B1-99ED-005FA3AF91BB}.AppStore|Any CPU.Deploy.0 = Release|x86
		{59904284-D886-42B1-99ED-005FA3AF91BB}.AppStore|ARM.ActiveCfg = Release|ARM
		{59904284-D886-42B1-99ED-005FA3AF91BB}.AppStore|ARM.Build.0 = Release|ARM
		{59904284-D886-42B1-99ED-005FA3AF91BB}.AppStore|ARM.Deploy.0 = Release|ARM
		{59904284-D886-42B1-99ED-005FA3AF91BB}.AppStore|iPhone.ActiveCfg = Release|x86
		{59904284-D886-42B1-99ED-005FA3AF91BB}.AppStore|iPhone.Build.0 = Release|x86
		{59904284-D886-42B1-99ED-005FA3AF91BB}.AppStore|iPhone.Deploy.0 = Release|x86
		{59904284-D886-42B1-99ED-005FA3AF91BB}.AppStore|iPhoneSimulator.ActiveCfg = Release|x86
		{59904284-D886-42B1-99ED-005FA3AF91BB}.AppStore|iPhoneSimulator.Build.0 = Release|x86
		{59904284-D886-42B1-99ED-005FA3AF91BB}.AppStore|iPhoneSimulator.Deploy.0 = Release|x86
		{59904284-D886-42B1-99ED-005FA3AF91BB}.AppStore|x64.ActiveCfg = Release|x64
		{59904284-D886-42B1-99ED-005FA3AF91BB}.AppStore|x64.Build.0 = Release|x64
		{59904284-D886-42B1-99ED-005FA3AF91BB}.AppStore|x64.Deploy.0 = Release|x64
		{59904284-D886-42B1-99ED-005FA3AF91BB}.AppStore|x86.ActiveCfg = Release|x86
		{59904284-D886-42B1-99ED-005FA3AF91BB}.AppStore|x86.Build.0 = Release|x86
		{59904284-D886-42B1-99ED-005FA3AF91BB}.AppStore|x86.Deploy.0 = Release|x86
		{59904284-D886-42B1-99ED-005FA3AF91BB}.Debug|Any CPU.ActiveCfg = Debug|x86
		{59904284-D886-42B1-99ED-005FA3AF91BB}.Debug|Any CPU.Build.0 = Debug|x86
		{59904284-D886-42B1-99ED-005FA3AF91BB}.Debug|Any CPU.Deploy.0 = Debug|x86
		{59904284-D886-42B1-99ED-005FA3AF91BB}.Debug|ARM.ActiveCfg = Debug|ARM
		{59904284-D886-42B1-99ED-005FA3AF91BB}.Debug|ARM.Build.0 = Debug|ARM
		{59904284-D886-42B1-99ED-005FA3AF91BB}.Debug|ARM.Deploy.0 = Debug|ARM
		{59904284-D886-42B1-99ED-005FA3AF91BB}.Debug|iPhone.ActiveCfg = Debug|x86
		{59904284-D886-42B1-99ED-005FA3AF91BB}.Debug|iPhone.Build.0 = Debug|x86
		{59904284-D886-42B1-99ED-005FA3AF91BB}.Debug|iPhone.Deploy.0 = Debug|x86
		{59904284-D886-42B1-99ED-005FA3AF91BB}.Debug|iPhoneSimulator.ActiveCfg = Debug|x86
		{59904284-D886-42B1-99ED-005FA3AF91BB}.Debug|iPhoneSimulator.Build.0 = Debug|x86
		{59904284-D886-42B1-99ED-005FA3AF91BB}.Debug|iPhoneSimulator.Deploy.0 = Debug|x86
		{59904284-D886-42B1-99ED-005FA3AF91BB}.Debug|x64.ActiveCfg = Debug|x64
		{59904284-D886-42B1-99ED-005FA3AF91BB}.Debug|x64.Build.0 = Debug|x64
		{59904284-D886-42B1-99ED-005FA3AF91BB}.Debug|x64.Deploy.0 = Debug|x64
		{59904284-D886-42B1-99ED-005FA3AF91BB}.Debug|x86.ActiveCfg = Debug|x86
		{59904284-D886-42B1-99ED-005FA3AF91BB}.Debug|x86.Build.0 = Debug|x86
		{59904284-D886-42B1-99ED-005FA3AF91BB}.Debug|x86.Deploy.0 = Debug|x86
		{59904284-D886-42B1-99ED-005FA3AF91BB}.Release|Any CPU.ActiveCfg = Release|x86
		{59904284-D886-42B1-99ED-005FA3AF91BB}.Release|Any CPU.Build.0 = Release|x86
		{59904284-D886-42B1-99ED-005FA3AF91BB}.Release|Any CPU.Deploy.0 = Release|x86
		{59904284-D886-42B1-99ED-005FA3AF91BB}.Release|ARM.ActiveCfg = Release|ARM
		{59904284-D886-42B1-99ED-005FA3AF91BB}.Release|ARM.Build.0 = Release|ARM
		{59904284-D886-42B1-99ED-005FA3AF91BB}.Release|ARM.Deploy.0 = Release|ARM
		{59904284-D886-42B1-99ED-005FA3AF91BB}.Release|iPhone.ActiveCfg = Release|x86
		{59904284-D886-42B1-99ED-005FA3AF91BB}.Release|iPhone.Build.0 = Release|x86
		{59904284-D886-42B1-99ED-005FA3AF91BB}.Release|iPhone.Deploy.0 = Release|x86
		{59904284-D886-42B1-99ED-005FA3AF91BB}.Release|iPhoneSimulator.ActiveCfg = Release|x86
		{59904284-D886-42B1-99ED-005FA3AF91BB}.Release|iPhoneSimulator.Build.0 = Release|x86
		{59904284-D886-42B1-99ED-005FA3AF91BB}.Release|iPhoneSimulator.Deploy.0 = Release|x86
		{59904284-D886-42B1-99ED-005FA3AF91BB}.Release|x64.ActiveCfg = Release|x64
		{59904284-D886-42B1-99ED-005FA3AF91BB}.Release|x64.Build.0 = Release|x64
		{59904284-D886-42B1-99ED-005FA3AF91BB}.Release|x64.Deploy.0 = Release|x64
		{59904284-D886-42B1-99ED-005FA3AF91BB}.Release|x86.ActiveCfg = Release|x86
		{59904284-D886-42B1-99ED-005FA3AF91BB}.Release|x86.Build.0 = Release|x86
		{59904284-D886-42B1-99ED-005FA3AF91BB}.Release|x86.Deploy.0 = Release|x86
		{0FE051EE-CD6B-4163-8AD3-82E22A90C344}.Ad-Hoc|Any CPU.ActiveCfg = Debug|Any CPU
		{0FE051EE-CD6B-4163-8AD3-82E22A90C344}.Ad-Hoc|Any CPU.Build.0 = Debug|Any CPU
		{0FE051EE-CD6B-4163-8AD3-82E22A90C344}.Ad-Hoc|Any CPU.Deploy.0 = Debug|Any CPU
		{0FE051EE-CD6B-4163-8AD3-82E22A90C344}.Ad-Hoc|ARM.ActiveCfg = Debug|Any CPU
		{0FE051EE-CD6B-4163-8AD3-82E22A90C344}.Ad-Hoc|ARM.Build.0 = Debug|Any CPU
		{0FE051EE-CD6B-4163-8AD3-82E22A90C344}.Ad-Hoc|ARM.Deploy.0 = Debug|Any CPU
		{0FE051EE-CD6B-4163-8AD3-82E22A90C344}.Ad-Hoc|iPhone.ActiveCfg = Debug|Any CPU
		{0FE051EE-CD6B-4163-8AD3-82E22A90C344}.Ad-Hoc|iPhone.Build.0 = Debug|Any CPU
		{0FE051EE-CD6B-4163-8AD3-82E22A90C344}.Ad-Hoc|iPhone.Deploy.0 = Debug|Any CPU
		{0FE051EE-CD6B-4163-8AD3-82E22A90C344}.Ad-Hoc|iPhoneSimulator.ActiveCfg = Debug|Any CPU
		{0FE051EE-CD6B-4163-8AD3-82E22A90C344}.Ad-Hoc|iPhoneSimulator.Build.0 = Debug|Any CPU
		{0FE051EE-CD6B-4163-8AD3-82E22A90C344}.Ad-Hoc|iPhoneSimulator.Deploy.0 = Debug|Any CPU
		{0FE051EE-CD6B-4163-8AD3-82E22A90C344}.Ad-Hoc|x64.ActiveCfg = Debug|Any CPU
		{0FE051EE-CD6B-4163-8AD3-82E22A90C344}.Ad-Hoc|x64.Build.0 = Debug|Any CPU
		{0FE051EE-CD6B-4163-8AD3-82E22A90C344}.Ad-Hoc|x64.Deploy.0 = Debug|Any CPU
		{0FE051EE-CD6B-4163-8AD3-82E22A90C344}.Ad-Hoc|x86.ActiveCfg = Debug|Any CPU
		{0FE051EE-CD6B-4163-8AD3-82E22A90C344}.Ad-Hoc|x86.Build.0 = Debug|Any CPU
		{0FE051EE-CD6B-4163-8AD3-82E22A90C344}.Ad-Hoc|x86.Deploy.0 = Debug|Any CPU
		{0FE051EE-CD6B-4163-8AD3-82E22A90C344}.AppStore|Any CPU.ActiveCfg = Debug|Any CPU
		{0FE051EE-CD6B-4163-8AD3-82E22A90C344}.AppStore|Any CPU.Build.0 = Debug|Any CPU
		{0FE051EE-CD6B-4163-8AD3-82E22A90C344}.AppStore|Any CPU.Deploy.0 = Debug|Any CPU
		{0FE051EE-CD6B-4163-8AD3-82E22A90C344}.AppStore|ARM.ActiveCfg = Debug|Any CPU
		{0FE051EE-CD6B-4163-8AD3-82E22A90C344}.AppStore|ARM.Build.0 = Debug|Any CPU
		{0FE051EE-CD6B-4163-8AD3-82E22A90C344}.AppStore|ARM.Deploy.0 = Debug|Any CPU
		{0FE051EE-CD6B-4163-8AD3-82E22A90C344}.AppStore|iPhone.ActiveCfg = Debug|Any CPU
		{0FE051EE-CD6B-4163-8AD3-82E22A90C344}.AppStore|iPhone.Build.0 = Debug|Any CPU
		{0FE051EE-CD6B-4163-8AD3-82E22A90C344}.AppStore|iPhone.Deploy.0 = Debug|Any CPU
		{0FE051EE-CD6B-4163-8AD3-82E22A90C344}.AppStore|iPhoneSimulator.ActiveCfg = Debug|Any CPU
		{0FE051EE-CD6B-4163-8AD3-82E22A90C344}.AppStore|iPhoneSimulator.Build.0 = Debug|Any CPU
		{0FE051EE-CD6B-4163-8AD3-82E22A90C344}.AppStore|iPhoneSimulator.Deploy.0 = Debug|Any CPU
		{0FE051EE-CD6B-4163-8AD3-82E22A90C344}.AppStore|x64.ActiveCfg = Debug|Any CPU
		{0FE051EE-CD6B-4163-8AD3-82E22A90C344}.AppStore|x64.Build.0 = Debug|Any CPU
		{0FE051EE-CD6B-4163-8AD3-82E22A90C344}.AppStore|x64.Deploy.0 = Debug|Any CPU
		{0FE051EE-CD6B-4163-8AD3-82E22A90C344}.AppStore|x86.ActiveCfg = Debug|Any CPU
		{0FE051EE-CD6B-4163-8AD3-82E22A90C344}.AppStore|x86.Build.0 = Debug|Any CPU
		{0FE051EE-CD6B-4163-8AD3-82E22A90C344}.AppStore|x86.Deploy.0 = Debug|Any CPU
		{0FE051EE-CD6B-4163-8AD3-82E22A90C344}.Debug|Any CPU.ActiveCfg = Debug|Any CPU
		{0FE051EE-CD6B-4163-8AD3-82E22A90C344}.Debug|Any CPU.Build.0 = Debug|Any CPU
		{0FE051EE-CD6B-4163-8AD3-82E22A90C344}.Debug|Any CPU.Deploy.0 = Debug|Any CPU
		{0FE051EE-CD6B-4163-8AD3-82E22A90C344}.Debug|ARM.ActiveCfg = Debug|Any CPU
		{0FE051EE-CD6B-4163-8AD3-82E22A90C344}.Debug|ARM.Build.0 = Debug|Any CPU
		{0FE051EE-CD6B-4163-8AD3-82E22A90C344}.Debug|ARM.Deploy.0 = Debug|Any CPU
		{0FE051EE-CD6B-4163-8AD3-82E22A90C344}.Debug|iPhone.ActiveCfg = Debug|Any CPU
		{0FE051EE-CD6B-4163-8AD3-82E22A90C344}.Debug|iPhone.Build.0 = Debug|Any CPU
		{0FE051EE-CD6B-4163-8AD3-82E22A90C344}.Debug|iPhone.Deploy.0 = Debug|Any CPU
		{0FE051EE-CD6B-4163-8AD3-82E22A90C344}.Debug|iPhoneSimulator.ActiveCfg = Debug|Any CPU
		{0FE051EE-CD6B-4163-8AD3-82E22A90C344}.Debug|iPhoneSimulator.Build.0 = Debug|Any CPU
		{0FE051EE-CD6B-4163-8AD3-82E22A90C344}.Debug|iPhoneSimulator.Deploy.0 = Debug|Any CPU
		{0FE051EE-CD6B-4163-8AD3-82E22A90C344}.Debug|x64.ActiveCfg = Debug|Any CPU
		{0FE051EE-CD6B-4163-8AD3-82E22A90C344}.Debug|x64.Build.0 = Debug|Any CPU
		{0FE051EE-CD6B-4163-8AD3-82E22A90C344}.Debug|x64.Deploy.0 = Debug|Any CPU
		{0FE051EE-CD6B-4163-8AD3-82E22A90C344}.Debug|x86.ActiveCfg = Debug|Any CPU
		{0FE051EE-CD6B-4163-8AD3-82E22A90C344}.Debug|x86.Build.0 = Debug|Any CPU
		{0FE051EE-CD6B-4163-8AD3-82E22A90C344}.Debug|x86.Deploy.0 = Debug|Any CPU
		{0FE051EE-CD6B-4163-8AD3-82E22A90C344}.Release|Any CPU.ActiveCfg = Release|Any CPU
		{0FE051EE-CD6B-4163-8AD3-82E22A90C344}.Release|Any CPU.Build.0 = Release|Any CPU
		{0FE051EE-CD6B-4163-8AD3-82E22A90C344}.Release|Any CPU.Deploy.0 = Release|Any CPU
		{0FE051EE-CD6B-4163-8AD3-82E22A90C344}.Release|ARM.ActiveCfg = Release|Any CPU
		{0FE051EE-CD6B-4163-8AD3-82E22A90C344}.Release|ARM.Build.0 = Release|Any CPU
		{0FE051EE-CD6B-4163-8AD3-82E22A90C344}.Release|ARM.Deploy.0 = Release|Any CPU
		{0FE051EE-CD6B-4163-8AD3-82E22A90C344}.Release|iPhone.ActiveCfg = Release|Any CPU
		{0FE051EE-CD6B-4163-8AD3-82E22A90C344}.Release|iPhone.Build.0 = Release|Any CPU
		{0FE051EE-CD6B-4163-8AD3-82E22A90C344}.Release|iPhone.Deploy.0 = Release|Any CPU
		{0FE051EE-CD6B-4163-8AD3-82E22A90C344}.Release|iPhoneSimulator.ActiveCfg = Release|Any CPU
		{0FE051EE-CD6B-4163-8AD3-82E22A90C344}.Release|iPhoneSimulator.Build.0 = Release|Any CPU
		{0FE051EE-CD6B-4163-8AD3-82E22A90C344}.Release|iPhoneSimulator.Deploy.0 = Release|Any CPU
		{0FE051EE-CD6B-4163-8AD3-82E22A90C344}.Release|x64.ActiveCfg = Release|Any CPU
		{0FE051EE-CD6B-4163-8AD3-82E22A90C344}.Release|x64.Build.0 = Release|Any CPU
		{0FE051EE-CD6B-4163-8AD3-82E22A90C344}.Release|x64.Deploy.0 = Release|Any CPU
		{0FE051EE-CD6B-4163-8AD3-82E22A90C344}.Release|x86.ActiveCfg = Release|Any CPU
		{0FE051EE-CD6B-4163-8AD3-82E22A90C344}.Release|x86.Build.0 = Release|Any CPU
		{0FE051EE-CD6B-4163-8AD3-82E22A90C344}.Release|x86.Deploy.0 = Release|Any CPU
	EndGlobalSection
	GlobalSection(SolutionProperties) = preSolution
		HideSolutionNode = FALSE
	EndGlobalSection
	GlobalSection(ExtensibilityGlobals) = postSolution
		SolutionGuid = {B302951E-19C2-4BDB-A30C-4BD38D5FEFC6}
	EndGlobalSection
EndGlobal
